{
  "lockfileVersion": 1,
  "workspaces": {
    "": {
      "name": "bun-react-template",
      "dependencies": {
        "@xyflow/react": "^12",
        "bun-plugin-tailwind": "^0.0.15",
        "react": "^19",
        "react-dom": "^19",
        "tailwindcss": "^4.1.11",
        "ts-proto": "^2.7.7",
      },
      "devDependencies": {
        "@types/bun": "latest",
        "@types/react": "^19",
        "@types/react-dom": "^19",
      },
    },
  },
  "packages": {
    "@bufbuild/protobuf": ["@bufbuild/protobuf@2.8.0", "", {}, "sha512-r1/0w5C9dkbcdjyxY8ZHsC5AOWg4Pnzhm2zu7LO4UHSounp2tMm6Y+oioV9zlGbLveE7YaWRDUk48WLxRDgoqg=="],

    "@types/bun": ["@types/bun@1.2.21", "", { "dependencies": { "bun-types": "1.2.21" } }, "sha512-NiDnvEqmbfQ6dmZ3EeUO577s4P5bf4HCTXtI6trMc6f6RzirY5IrF3aIookuSpyslFzrnvv2lmEWv5HyC1X79A=="],

    "@types/d3-color": ["@types/d3-color@3.1.3", "", {}, "sha512-iO90scth9WAbmgv7ogoq57O9YpKmFBbmoEoCHDB2xMBY0+/KVrqAaCDyCE16dUspeOvIxFFRI+0sEtqDqy2b4A=="],

    "@types/d3-drag": ["@types/d3-drag@3.0.7", "", { "dependencies": { "@types/d3-selection": "*" } }, "sha512-HE3jVKlzU9AaMazNufooRJ5ZpWmLIoc90A37WU2JMmeq28w1FQqCZswHZ3xR+SuxYftzHq6WU6KJHvqxKzTxxQ=="],

    "@types/d3-interpolate": ["@types/d3-interpolate@3.0.4", "", { "dependencies": { "@types/d3-color": "*" } }, "sha512-mgLPETlrpVV1YRJIglr4Ez47g7Yxjl1lj7YKsiMCb27VJH9W8NVM6Bb9d8kkpG/uAQS5AmbA48q2IAolKKo1MA=="],

    "@types/d3-selection": ["@types/d3-selection@3.0.11", "", {}, "sha512-bhAXu23DJWsrI45xafYpkQ4NtcKMwWnAC/vKrd2l+nxMFuvOT3XMYTIj2opv8vq8AO5Yh7Qac/nSeP/3zjTK0w=="],

    "@types/d3-transition": ["@types/d3-transition@3.0.9", "", { "dependencies": { "@types/d3-selection": "*" } }, "sha512-uZS5shfxzO3rGlu0cC3bjmMFKsXv+SmZZcgp0KD22ts4uGXp5EVYGzu/0YdwZeKmddhcAccYtREJKkPfXkZuCg=="],

    "@types/d3-zoom": ["@types/d3-zoom@3.0.8", "", { "dependencies": { "@types/d3-interpolate": "*", "@types/d3-selection": "*" } }, "sha512-iqMC4/YlFCSlO8+2Ii1GGGliCAY4XdeG748w5vQUbevlbDu0zSjH/+jojorQVBK/se0j6DUFNPBGSqD3YWYnDw=="],

    "@types/node": ["@types/node@24.3.1", "", { "dependencies": { "undici-types": "~7.10.0" } }, "sha512-3vXmQDXy+woz+gnrTvuvNrPzekOi+Ds0ReMxw0LzBiK3a+1k0kQn9f2NWk+lgD4rJehFUmYy2gMhJ2ZI+7YP9g=="],

    "@types/react": ["@types/react@19.1.12", "", { "dependencies": { "csstype": "^3.0.2" } }, "sha512-cMoR+FoAf/Jyq6+Df2/Z41jISvGZZ2eTlnsaJRptmZ76Caldwy1odD4xTr/gNV9VLj0AWgg/nmkevIyUfIIq5w=="],

    "@types/react-dom": ["@types/react-dom@19.1.9", "", { "peerDependencies": { "@types/react": "^19.0.0" } }, "sha512-qXRuZaOsAdXKFyOhRBg6Lqqc0yay13vN7KrIg4L7N4aaHN68ma9OK3NE1BoDFgFOTfM7zg+3/8+2n8rLUH3OKQ=="],

    "@xyflow/react": ["@xyflow/react@12.8.4", "", { "dependencies": { "@xyflow/system": "0.0.68", "classcat": "^5.0.3", "zustand": "^4.4.0" }, "peerDependencies": { "react": ">=17", "react-dom": ">=17" } }, "sha512-bqUu4T5QSHiCFPkoH+b+LROKwQJdLvcjhGbNW9c1dLafCBRjmH1IYz0zPE+lRDXCtQ9kRyFxz3tG19+8VORJ1w=="],

    "@xyflow/system": ["@xyflow/system@0.0.68", "", { "dependencies": { "@types/d3-drag": "^3.0.7", "@types/d3-interpolate": "^3.0.4", "@types/d3-selection": "^3.0.10", "@types/d3-transition": "^3.0.8", "@types/d3-zoom": "^3.0.8", "d3-drag": "^3.0.0", "d3-interpolate": "^3.0.1", "d3-selection": "^3.0.0", "d3-zoom": "^3.0.0" } }, "sha512-QDG2wxIG4qX+uF8yzm1ULVZrcXX3MxPBoxv7O52FWsX87qIImOqifUhfa/TwsvLdzn7ic2DDBH1uI8TKbdNTYA=="],

    "bun-plugin-tailwind": ["bun-plugin-tailwind@0.0.15", "", { "peerDependencies": { "typescript": "^5.0.0" } }, "sha512-qtAXMNGG4R0UGGI8zWrqm2B7BdXqx48vunJXBPzfDOHPA5WkRUZdTSbE7TFwO4jLhYqSE23YMWsM9NhE6ovobw=="],

    "bun-types": ["bun-types@1.2.21", "", { "dependencies": { "@types/node": "*" }, "peerDependencies": { "@types/react": "^19" } }, "sha512-sa2Tj77Ijc/NTLS0/Odjq/qngmEPZfbfnOERi0KRUYhT9R8M4VBioWVmMWE5GrYbKMc+5lVybXygLdibHaqVqw=="],

    "case-anything": ["case-anything@2.1.13", "", {}, "sha512-zlOQ80VrQ2Ue+ymH5OuM/DlDq64mEm+B9UTdHULv5osUMD6HalNTblf2b1u/m6QecjsnOkBpqVZ+XPwIVsy7Ng=="],

    "classcat": ["classcat@5.0.5", "", {}, "sha512-JhZUT7JFcQy/EzW605k/ktHtncoo9vnyW/2GspNYwFlN1C/WmjuV/xtS04e9SOkL2sTdw0VAZ2UGCcQ9lR6p6w=="],

    "csstype": ["csstype@3.1.3", "", {}, "sha512-M1uQkMl8rQK/szD0LNhtqxIPLpimGm8sOBwU7lLnCpSbTyY3yeU1Vc7l4KT5zT4s/yOxHH5O7tIuuLOCnLADRw=="],

    "d3-color": ["d3-color@3.1.0", "", {}, "sha512-zg/chbXyeBtMQ1LbD/WSoW2DpC3I0mpmPdW+ynRTj/x2DAWYrIY7qeZIHidozwV24m4iavr15lNwIwLxRmOxhA=="],

    "d3-dispatch": ["d3-dispatch@3.0.1", "", {}, "sha512-rzUyPU/S7rwUflMyLc1ETDeBj0NRuHKKAcvukozwhshr6g6c5d8zh4c2gQjY2bZ0dXeGLWc1PF174P2tVvKhfg=="],

    "d3-drag": ["d3-drag@3.0.0", "", { "dependencies": { "d3-dispatch": "1 - 3", "d3-selection": "3" } }, "sha512-pWbUJLdETVA8lQNJecMxoXfH6x+mO2UQo8rSmZ+QqxcbyA3hfeprFgIT//HW2nlHChWeIIMwS2Fq+gEARkhTkg=="],

    "d3-ease": ["d3-ease@3.0.1", "", {}, "sha512-wR/XK3D3XcLIZwpbvQwQ5fK+8Ykds1ip7A2Txe0yxncXSdq1L9skcG7blcedkOX+ZcgxGAmLX1FrRGbADwzi0w=="],

    "d3-interpolate": ["d3-interpolate@3.0.1", "", { "dependencies": { "d3-color": "1 - 3" } }, "sha512-3bYs1rOD33uo8aqJfKP3JWPAibgw8Zm2+L9vBKEHJ2Rg+viTR7o5Mmv5mZcieN+FRYaAOWX5SJATX6k1PWz72g=="],

    "d3-selection": ["d3-selection@3.0.0", "", {}, "sha512-fmTRWbNMmsmWq6xJV8D19U/gw/bwrHfNXxrIN+HfZgnzqTHp9jOmKMhsTUjXOJnZOdZY9Q28y4yebKzqDKlxlQ=="],

    "d3-timer": ["d3-timer@3.0.1", "", {}, "sha512-ndfJ/JxxMd3nw31uyKoY2naivF+r29V+Lc0svZxe1JvvIRmi8hUsrMvdOwgS1o6uBHmiz91geQ0ylPP0aj1VUA=="],

    "d3-transition": ["d3-transition@3.0.1", "", { "dependencies": { "d3-color": "1 - 3", "d3-dispatch": "1 - 3", "d3-ease": "1 - 3", "d3-interpolate": "1 - 3", "d3-timer": "1 - 3" }, "peerDependencies": { "d3-selection": "2 - 3" } }, "sha512-ApKvfjsSR6tg06xrL434C0WydLr7JewBB3V+/39RMHsaXTOG0zmt/OAXeng5M5LBm0ojmxJrpomQVZ1aPvBL4w=="],

    "d3-zoom": ["d3-zoom@3.0.0", "", { "dependencies": { "d3-dispatch": "1 - 3", "d3-drag": "2 - 3", "d3-interpolate": "1 - 3", "d3-selection": "2 - 3", "d3-transition": "2 - 3" } }, "sha512-b8AmV3kfQaqWAuacbPuNbL6vahnOJflOhexLzMMNLga62+/nh0JzvJ0aO/5a5MVgUFGS7Hu1P9P03o3fJkDCyw=="],

    "detect-libc": ["detect-libc@1.0.3", "", { "bin": { "detect-libc": "./bin/detect-libc.js" } }, "sha512-pGjwhsmsp4kL2RTz08wcOlGN83otlqHeD/Z5T8GXZB+/YcpQ/dgo+lbU8ZsGxV0HIvqqxo9l7mqYwyYMD9bKDg=="],

    "dprint-node": ["dprint-node@1.0.8", "", { "dependencies": { "detect-libc": "^1.0.3" } }, "sha512-iVKnUtYfGrYcW1ZAlfR/F59cUVL8QIhWoBJoSjkkdua/dkWIgjZfiLMeTjiB06X0ZLkQ0M2C1VbUj/CxkIf1zg=="],

    "react": ["react@19.1.1", "", {}, "sha512-w8nqGImo45dmMIfljjMwOGtbmC/mk4CMYhWIicdSflH91J9TyCyczcPFXJzrZ/ZXcgGRFeP6BU0BEJTw6tZdfQ=="],

    "react-dom": ["react-dom@19.1.1", "", { "dependencies": { "scheduler": "^0.26.0" }, "peerDependencies": { "react": "^19.1.1" } }, "sha512-Dlq/5LAZgF0Gaz6yiqZCf6VCcZs1ghAJyrsu84Q/GT0gV+mCxbfmKNoGRKBYMJ8IEdGPqu49YWXD02GCknEDkw=="],

    "scheduler": ["scheduler@0.26.0", "", {}, "sha512-NlHwttCI/l5gCPR3D1nNXtWABUmBwvZpEQiD4IXSbIDq8BzLIK/7Ir5gTFSGZDUu37K5cMNp0hFtzO38sC7gWA=="],

    "tailwindcss": ["tailwindcss@4.1.13", "", {}, "sha512-i+zidfmTqtwquj4hMEwdjshYYgMbOrPzb9a0M3ZgNa0JMoZeFC6bxZvO8yr8ozS6ix2SDz0+mvryPeBs2TFE+w=="],

    "ts-poet": ["ts-poet@6.12.0", "", { "dependencies": { "dprint-node": "^1.0.8" } }, "sha512-xo+iRNMWqyvXpFTaOAvLPA5QAWO6TZrSUs5s4Odaya3epqofBu/fMLHEWl8jPmjhA0s9sgj9sNvF1BmaQlmQkA=="],

    "ts-proto": ["ts-proto@2.7.7", "", { "dependencies": { "@bufbuild/protobuf": "^2.0.0", "case-anything": "^2.1.13", "ts-poet": "^6.12.0", "ts-proto-descriptors": "2.0.0" }, "bin": { "protoc-gen-ts_proto": "protoc-gen-ts_proto" } }, "sha512-/OfN9/Yriji2bbpOysZ/Jzc96isOKz+eBTJEcKaIZ0PR6x1TNgVm4Lz0zfbo+J0jwFO7fJjJyssefBPQ0o1V9A=="],

    "ts-proto-descriptors": ["ts-proto-descriptors@2.0.0", "", { "dependencies": { "@bufbuild/protobuf": "^2.0.0" } }, "sha512-wHcTH3xIv11jxgkX5OyCSFfw27agpInAd6yh89hKG6zqIXnjW9SYqSER2CVQxdPj4czeOhGagNvZBEbJPy7qkw=="],

    "typescript": ["typescript@5.9.2", "", { "bin": { "tsc": "bin/tsc", "tsserver": "bin/tsserver" } }, "sha512-CWBzXQrc/qOkhidw1OzBTQuYRbfyxDXJMVJ1XNwUHGROVmuaeiEm3OslpZ1RV96d7SKKjZKrSJu3+t/xlw3R9A=="],

    "undici-types": ["undici-types@7.10.0", "", {}, "sha512-t5Fy/nfn+14LuOc2KNYg75vZqClpAiqscVvMygNnlsHBFpSXdJaYtXMcdNLpl/Qvc3P2cB3s6lOV51nqsFq4ag=="],

    "use-sync-external-store": ["use-sync-external-store@1.5.0", "", { "peerDependencies": { "react": "^16.8.0 || ^17.0.0 || ^18.0.0 || ^19.0.0" } }, "sha512-Rb46I4cGGVBmjamjphe8L/UnvJD+uPPtTkNvX5mZgqdbavhI4EbgIWJiIHXJ8bc/i9EQGPRh4DwEURJ552Do0A=="],

    "zustand": ["zustand@4.5.7", "", { "dependencies": { "use-sync-external-store": "^1.2.2" }, "peerDependencies": { "@types/react": ">=16.8", "immer": ">=9.0.6", "react": ">=16.8" }, "optionalPeers": ["@types/react", "immer", "react"] }, "sha512-CHOUy7mu3lbD6o6LJLfllpjkzhHXSBlX8B9+qPddUsIfeF5S/UZ5q0kmCsnRqT1UHFQZchNFDDzMbQsuesHWlw=="],
  }
}
